
Microsoft Visual Studio Solution File, Format Version 12.00
# Visual Studio Version 17
VisualStudioVersion = 17.0.31903.59
MinimumVisualStudioVersion = 10.0.40219.1
Project("{2150E333-8FDC-42A3-9474-1A3956D46DE8}") = "src", "src", "{041944BD-CB01-4570-8320-84C27B69869A}"
EndProject
Project("{FAE04EC0-301F-11D3-BF4B-00C04F79EFBC}") = "CafeManager.Contracts", "src\CafeManager.Contracts\CafeManager.Contracts.csproj", "{AD54AF57-DDD9-4D82-94D2-94D22FCD262C}"
EndProject
Project("{FAE04EC0-301F-11D3-BF4B-00C04F79EFBC}") = "CafeManager.Core", "src\CafeManager.Core\CafeManager.Core.csproj", "{99817B67-8F9A-41F9-BCEA-D6E5C550297D}"
EndProject
Project("{FAE04EC0-301F-11D3-BF4B-00C04F79EFBC}") = "CafeManager.Data", "src\CafeManager.Data\CafeManager.Data.csproj", "{0BFB8CA5-0570-469B-83D8-1A25ADDAF440}"
EndProject
Project("{FAE04EC0-301F-11D3-BF4B-00C04F79EFBC}") = "CafeManager.Server", "src\CafeManager.Server\CafeManager.Server.csproj", "{7AD8BDCB-8112-4A50-84E4-FDC75941E7B4}"
EndProject
Project("{2150E333-8FDC-42A3-9474-1A3956D46DE8}") = "Tests", "Tests", "{91F79075-B288-4A5C-927F-76CEFD562DC6}"
EndProject
Project("{FAE04EC0-301F-11D3-BF4B-00C04F79EFBC}") = "CafeManager.Core.Tests", "src\Tests\CafeManager.Core.Tests\CafeManager.Core.Tests.csproj", "{5EBE2A43-AC07-48B5-904F-497F5A4F7D92}"
EndProject
Global
	GlobalSection(SolutionConfigurationPlatforms) = preSolution
		Debug|Any CPU = Debug|Any CPU
		Release|Any CPU = Release|Any CPU
	EndGlobalSection
	GlobalSection(SolutionProperties) = preSolution
		HideSolutionNode = FALSE
	EndGlobalSection
	GlobalSection(ProjectConfigurationPlatforms) = postSolution
		{AD54AF57-DDD9-4D82-94D2-94D22FCD262C}.Debug|Any CPU.ActiveCfg = Debug|Any CPU
		{AD54AF57-DDD9-4D82-94D2-94D22FCD262C}.Debug|Any CPU.Build.0 = Debug|Any CPU
		{AD54AF57-DDD9-4D82-94D2-94D22FCD262C}.Release|Any CPU.ActiveCfg = Release|Any CPU
		{AD54AF57-DDD9-4D82-94D2-94D22FCD262C}.Release|Any CPU.Build.0 = Release|Any CPU
		{99817B67-8F9A-41F9-BCEA-D6E5C550297D}.Debug|Any CPU.ActiveCfg = Debug|Any CPU
		{99817B67-8F9A-41F9-BCEA-D6E5C550297D}.Debug|Any CPU.Build.0 = Debug|Any CPU
		{99817B67-8F9A-41F9-BCEA-D6E5C550297D}.Release|Any CPU.ActiveCfg = Release|Any CPU
		{99817B67-8F9A-41F9-BCEA-D6E5C550297D}.Release|Any CPU.Build.0 = Release|Any CPU
		{0BFB8CA5-0570-469B-83D8-1A25ADDAF440}.Debug|Any CPU.ActiveCfg = Debug|Any CPU
		{0BFB8CA5-0570-469B-83D8-1A25ADDAF440}.Debug|Any CPU.Build.0 = Debug|Any CPU
		{0BFB8CA5-0570-469B-83D8-1A25ADDAF440}.Release|Any CPU.ActiveCfg = Release|Any CPU
		{0BFB8CA5-0570-469B-83D8-1A25ADDAF440}.Release|Any CPU.Build.0 = Release|Any CPU
		{7AD8BDCB-8112-4A50-84E4-FDC75941E7B4}.Debug|Any CPU.ActiveCfg = Debug|Any CPU
		{7AD8BDCB-8112-4A50-84E4-FDC75941E7B4}.Debug|Any CPU.Build.0 = Debug|Any CPU
		{7AD8BDCB-8112-4A50-84E4-FDC75941E7B4}.Release|Any CPU.ActiveCfg = Release|Any CPU
		{7AD8BDCB-8112-4A50-84E4-FDC75941E7B4}.Release|Any CPU.Build.0 = Release|Any CPU
		{5EBE2A43-AC07-48B5-904F-497F5A4F7D92}.Debug|Any CPU.ActiveCfg = Debug|Any CPU
		{5EBE2A43-AC07-48B5-904F-497F5A4F7D92}.Debug|Any CPU.Build.0 = Debug|Any CPU
		{5EBE2A43-AC07-48B5-904F-497F5A4F7D92}.Release|Any CPU.ActiveCfg = Release|Any CPU
		{5EBE2A43-AC07-48B5-904F-497F5A4F7D92}.Release|Any CPU.Build.0 = Release|Any CPU
	EndGlobalSection
	GlobalSection(NestedProjects) = preSolution
		{AD54AF57-DDD9-4D82-94D2-94D22FCD262C} = {041944BD-CB01-4570-8320-84C27B69869A}
		{99817B67-8F9A-41F9-BCEA-D6E5C550297D} = {041944BD-CB01-4570-8320-84C27B69869A}
		{0BFB8CA5-0570-469B-83D8-1A25ADDAF440} = {041944BD-CB01-4570-8320-84C27B69869A}
		{7AD8BDCB-8112-4A50-84E4-FDC75941E7B4} = {041944BD-CB01-4570-8320-84C27B69869A}
		{91F79075-B288-4A5C-927F-76CEFD562DC6} = {041944BD-CB01-4570-8320-84C27B69869A}
		{5EBE2A43-AC07-48B5-904F-497F5A4F7D92} = {91F79075-B288-4A5C-927F-76CEFD562DC6}
	EndGlobalSection
EndGlobal
